
Microsoft Visual Studio Solution File, Format Version 12.00
# Visual Studio Version 17
VisualStudioVersion = 17.10.35013.160
MinimumVisualStudioVersion = 10.0.40219.1
Project("{9A19103F-16F7-4668-BE54-9A1E7A4F7556}") = "HospitalAPI", "HospotalAPI\HospitalAPI.csproj", "{9300425E-4CF2-4394-A2E4-8E2BBA289733}"
EndProject
Project("{9A19103F-16F7-4668-BE54-9A1E7A4F7556}") = "HospitalDataLayer", "HospitalDataLayer\HospitalDataLayer.csproj", "{0C1FAA18-0FF7-4CCD-A727-895E93950F17}"
EndProject
Project("{9A19103F-16F7-4668-BE54-9A1E7A4F7556}") = "ConsoleApp1", "ConsoleApp1\ConsoleApp1.csproj", "{A5B1A6A8-1B2F-4137-94C5-E51F9408A4C9}"
EndProject
Project("{9A19103F-16F7-4668-BE54-9A1E7A4F7556}") = "HospitalBuissnesLayer", "HospitalBuissnesLayer\HospitalBuissnesLayer.csproj", "{0BB09733-669C-4C6C-AEE2-9E02E32DB651}"
EndProject
Project("{FAE04EC0-301F-11D3-BF4B-00C04F79EFBC}") = "HospitalPresentationLayer", "HospitalPresentationLayer\HospitalPresentationLayer.csproj", "{FBEF7488-6CA7-4E11-B9B9-C7BA8C995826}"
EndProject
Global
	GlobalSection(SolutionConfigurationPlatforms) = preSolution
		Debug|Any CPU = Debug|Any CPU
		Release|Any CPU = Release|Any CPU
	EndGlobalSection
	GlobalSection(ProjectConfigurationPlatforms) = postSolution
		{9300425E-4CF2-4394-A2E4-8E2BBA289733}.Debug|Any CPU.ActiveCfg = Debug|Any CPU
		{9300425E-4CF2-4394-A2E4-8E2BBA289733}.Debug|Any CPU.Build.0 = Debug|Any CPU
		{9300425E-4CF2-4394-A2E4-8E2BBA289733}.Release|Any CPU.ActiveCfg = Release|Any CPU
		{9300425E-4CF2-4394-A2E4-8E2BBA289733}.Release|Any CPU.Build.0 = Release|Any CPU
		{0C1FAA18-0FF7-4CCD-A727-895E93950F17}.Debug|Any CPU.ActiveCfg = Debug|Any CPU
		{0C1FAA18-0FF7-4CCD-A727-895E93950F17}.Debug|Any CPU.Build.0 = Debug|Any CPU
		{0C1FAA18-0FF7-4CCD-A727-895E93950F17}.Release|Any CPU.ActiveCfg = Release|Any CPU
		{0C1FAA18-0FF7-4CCD-A727-895E93950F17}.Release|Any CPU.Build.0 = Release|Any CPU
		{A5B1A6A8-1B2F-4137-94C5-E51F9408A4C9}.Debug|Any CPU.ActiveCfg = Debug|Any CPU
		{A5B1A6A8-1B2F-4137-94C5-E51F9408A4C9}.Debug|Any CPU.Build.0 = Debug|Any CPU
		{A5B1A6A8-1B2F-4137-94C5-E51F9408A4C9}.Release|Any CPU.ActiveCfg = Release|Any CPU
		{A5B1A6A8-1B2F-4137-94C5-E51F9408A4C9}.Release|Any CPU.Build.0 = Release|Any CPU
		{0BB09733-669C-4C6C-AEE2-9E02E32DB651}.Debug|Any CPU.ActiveCfg = Debug|Any CPU
		{0BB09733-669C-4C6C-AEE2-9E02E32DB651}.Debug|Any CPU.Build.0 = Debug|Any CPU
		{0BB09733-669C-4C6C-AEE2-9E02E32DB651}.Release|Any CPU.ActiveCfg = Release|Any CPU
		{0BB09733-669C-4C6C-AEE2-9E02E32DB651}.Release|Any CPU.Build.0 = Release|Any CPU
		{FBEF7488-6CA7-4E11-B9B9-C7BA8C995826}.Debug|Any CPU.ActiveCfg = Debug|Any CPU
		{FBEF7488-6CA7-4E11-B9B9-C7BA8C995826}.Debug|Any CPU.Build.0 = Debug|Any CPU
		{FBEF7488-6CA7-4E11-B9B9-C7BA8C995826}.Release|Any CPU.ActiveCfg = Release|Any CPU
		{FBEF7488-6CA7-4E11-B9B9-C7BA8C995826}.Release|Any CPU.Build.0 = Release|Any CPU
	EndGlobalSection
	GlobalSection(SolutionProperties) = preSolution
		HideSolutionNode = FALSE
	EndGlobalSection
	GlobalSection(ExtensibilityGlobals) = postSolution
		SolutionGuid = {00AE92A4-24FD-4472-AB41-20510CAC0CB0}
	EndGlobalSection
EndGlobal
